
Microsoft Visual Studio Solution File, Format Version 12.00
# Visual Studio Version 16
VisualStudioVersion = 16.0.32510.428
MinimumVisualStudioVersion = 10.0.40219.1
Project("{FAE04EC0-301F-11D3-BF4B-00C04F79EFBC}") = "PPAI 2022 C.U.23 Turno RT", "PPAI 2022 C.U.23 Turno RT\PPAI 2022 C.U.23 Turno RT.csproj", "{650608A7-8A54-41CC-974F-319794EBEAD2}"
EndProject
Global
	GlobalSection(SolutionConfigurationPlatforms) = preSolution
		Debug|Any CPU = Debug|Any CPU
		Release|Any CPU = Release|Any CPU
	EndGlobalSection
	GlobalSection(ProjectConfigurationPlatforms) = postSolution
		{650608A7-8A54-41CC-974F-319794EBEAD2}.Debug|Any CPU.ActiveCfg = Debug|Any CPU
		{650608A7-8A54-41CC-974F-319794EBEAD2}.Debug|Any CPU.Build.0 = Debug|Any CPU
		{650608A7-8A54-41CC-974F-319794EBEAD2}.Release|Any CPU.ActiveCfg = Release|Any CPU
		{650608A7-8A54-41CC-974F-319794EBEAD2}.Release|Any CPU.Build.0 = Release|Any CPU
	EndGlobalSection
	GlobalSection(SolutionProperties) = preSolution
		HideSolutionNode = FALSE
	EndGlobalSection
	GlobalSection(ExtensibilityGlobals) = postSolution
		SolutionGuid = {352D9266-FF28-4CA3-8285-3976DC5EFE3E}
	EndGlobalSection
EndGlobal
